// !$*UTF8*$!
{
	archiveVersion = 1;
	classes = {
	};
	objectVersion = 56;
	objects = {

/* Begin PBXBuildFile section */
		D1D2D3D4D5D6D7D8D9D0DDDA /* JamiApp.swift in Sources */ = {isa = PBXBuildFile; fileRef = C1C2C3C4C5C6C7C8C9C0CCCA /* JamiApp.swift */; };
		D1D2D3D4D5D6D7D8D9D0DDDB /* AppDelegate.swift in Sources */ = {isa = PBXBuildFile; fileRef = C1C2C3C4C5C6C7C8C9C0CCCB /* AppDelegate.swift */; };
		D1D2D3D4D5D6D7D8D9D0DDDC /* ContentView.swift in Sources */ = {isa = PBXBuildFile; fileRef = C1C2C3C4C5C6C7C8C9C0CCCC /* ContentView.swift */; };
		D1D2D3D4D5D6D7D8D9D0DDDD /* Assets.xcassets in Resources */ = {isa = PBXBuildFile; fileRef = C1C2C3C4C5C6C7C8C9C0CCCD /* Assets.xcassets */; };
		D1D2D3D4D5D6D7D8D9D0DDDE /* NotificationDelegate.swift in Sources */ = {isa = PBXBuildFile; fileRef = C1C2C3C4C5C6C7C8C9C0CCCF /* NotificationDelegate.swift */; };
/* End PBXBuildFile section */

/* Begin PBXFileReference section */
		B1B2B3B4B5B6B7B8B9B0BBBB /* iosApp.app */ = {isa = PBXFileReference; explicitFileType = wrapper.application; includeInIndex = 0; path = iosApp.app; sourceTree = BUILT_PRODUCTS_DIR; };
		C1C2C3C4C5C6C7C8C9C0CCCA /* JamiApp.swift */ = {isa = PBXFileReference; lastKnownFileType = sourcecode.swift; path = JamiApp.swift; sourceTree = "<group>"; };
		C1C2C3C4C5C6C7C8C9C0CCCB /* AppDelegate.swift */ = {isa = PBXFileReference; lastKnownFileType = sourcecode.swift; path = AppDelegate.swift; sourceTree = "<group>"; };
		C1C2C3C4C5C6C7C8C9C0CCCC /* ContentView.swift */ = {isa = PBXFileReference; lastKnownFileType = sourcecode.swift; path = ContentView.swift; sourceTree = "<group>"; };
		C1C2C3C4C5C6C7C8C9C0CCCD /* Assets.xcassets */ = {isa = PBXFileReference; lastKnownFileType = folder.assetcatalog; path = Assets.xcassets; sourceTree = "<group>"; };
		C1C2C3C4C5C6C7C8C9C0CCCE /* Info.plist */ = {isa = PBXFileReference; lastKnownFileType = text.plist.xml; path = Info.plist; sourceTree = "<group>"; };
		C1C2C3C4C5C6C7C8C9C0CCCF /* NotificationDelegate.swift */ = {isa = PBXFileReference; lastKnownFileType = sourcecode.swift; path = NotificationDelegate.swift; sourceTree = "<group>"; };
/* End PBXFileReference section */

/* Begin PBXFrameworksBuildPhase section */
		E1E2E3E4E5E6E7E8E9E0EEEB /* Frameworks */ = {
			isa = PBXFrameworksBuildPhase;
			buildActionMask = 2147483647;
			files = (
			);
			runOnlyForDeploymentPostprocessing = 0;
		};
/* End PBXFrameworksBuildPhase section */

/* Begin PBXGroup section */
		A1A2A3A4A5A6A7A8A9A0AAAB = {
			isa = PBXGroup;
			children = (
				A1A2A3A4A5A6A7A8A9A0AAAD /* iosApp */,
				A1A2A3A4A5A6A7A8A9A0AAAE /* Products */,
			);
			sourceTree = "<group>";
		};
		A1A2A3A4A5A6A7A8A9A0AAAD /* iosApp */ = {
			isa = PBXGroup;
			children = (
				C1C2C3C4C5C6C7C8C9C0CCCA /* JamiApp.swift */,
				C1C2C3C4C5C6C7C8C9C0CCCB /* AppDelegate.swift */,
				C1C2C3C4C5C6C7C8C9C0CCCC /* ContentView.swift */,
				C1C2C3C4C5C6C7C8C9C0CCCF /* NotificationDelegate.swift */,
				C1C2C3C4C5C6C7C8C9C0CCCD /* Assets.xcassets */,
				C1C2C3C4C5C6C7C8C9C0CCCE /* Info.plist */,
			);
			path = iosApp;
			sourceTree = "<group>";
		};
		A1A2A3A4A5A6A7A8A9A0AAAE /* Products */ = {
			isa = PBXGroup;
			children = (
				B1B2B3B4B5B6B7B8B9B0BBBB /* iosApp.app */,
			);
			name = Products;
			sourceTree = "<group>";
		};
/* End PBXGroup section */

/* Begin PBXNativeTarget section */
		B1B2B3B4B5B6B7B8B9B0BBBA /* iosApp */ = {
			isa = PBXNativeTarget;
			buildConfigurationList = F1F2F3F4F5F6F7F8F9F0FFFF /* Build configuration list for PBXNativeTarget "iosApp" */;
			buildPhases = (
				E1E2E3E4E5E6E7E8E9E0EEED /* Compile Kotlin Framework */,
				E1E2E3E4E5E6E7E8E9E0EEEA /* Sources */,
				E1E2E3E4E5E6E7E8E9E0EEEB /* Frameworks */,
				E1E2E3E4E5E6E7E8E9E0EEEC /* Resources */,
			);
			buildRules = (
			);
			dependencies = (
			);
			name = iosApp;
			productName = iosApp;
			productReference = B1B2B3B4B5B6B7B8B9B0BBBB /* iosApp.app */;
			productType = "com.apple.product-type.application";
		};
/* End PBXNativeTarget section */

/* Begin PBXProject section */
		A1A2A3A4A5A6A7A8A9A0AAAC /* Project object */ = {
			isa = PBXProject;
			attributes = {
				BuildIndependentTargetsInParallel = 1;
				LastSwiftUpdateCheck = 1500;
				LastUpgradeCheck = 1500;
				TargetAttributes = {
					B1B2B3B4B5B6B7B8B9B0BBBA = {
						CreatedOnToolsVersion = 15.0;
					};
				};
			};
			buildConfigurationList = F1F2F3F4F5F6F7F8F9F0FFFE /* Build configuration list for PBXProject "iosApp" */;
			compatibilityVersion = "Xcode 14.0";
			developmentRegion = en;
			hasScannedForEncodings = 0;
			knownRegions = (
				en,
				Base,
			);
			mainGroup = A1A2A3A4A5A6A7A8A9A0AAAB;
			productRefGroup = A1A2A3A4A5A6A7A8A9A0AAAE /* Products */;
			projectDirPath = "";
			projectRoot = "";
			targets = (
				B1B2B3B4B5B6B7B8B9B0BBBA /* iosApp */,
			);
		};
/* End PBXProject section */

/* Begin PBXResourcesBuildPhase section */
		E1E2E3E4E5E6E7E8E9E0EEEC /* Resources */ = {
			isa = PBXResourcesBuildPhase;
			buildActionMask = 2147483647;
			files = (
				D1D2D3D4D5D6D7D8D9D0DDDD /* Assets.xcassets in Resources */,
			);
			runOnlyForDeploymentPostprocessing = 0;
		};
/* End PBXResourcesBuildPhase section */

/* Begin PBXShellScriptBuildPhase section */
		E1E2E3E4E5E6E7E8E9E0EEED /* Compile Kotlin Framework */ = {
			isa = PBXShellScriptBuildPhase;
			buildActionMask = 2147483647;
			files = (
			);
			inputFileListPaths = (
			);
			inputPaths = (
			);
			name = "Compile Kotlin Framework";
			outputFileListPaths = (
			);
			outputPaths = (
			);
			runOnlyForDeploymentPostprocessing = 0;
			shellPath = /bin/sh;
			shellScript = "export JAVA_HOME=\"/Users/Marco/android-studio-jbr/Contents/Home\"\nexport PATH=\"$JAVA_HOME/bin:$PATH\"\ncd \"$SRCROOT/..\"\n./gradlew :shared:embedAndSignAppleFrameworkForXcode\n";
		};
/* End PBXShellScriptBuildPhase section */

/* Begin PBXSourcesBuildPhase section */
		E1E2E3E4E5E6E7E8E9E0EEEA /* Sources */ = {
			isa = PBXSourcesBuildPhase;
			buildActionMask = 2147483647;
			files = (
				D1D2D3D4D5D6D7D8D9D0DDDA /* JamiApp.swift in Sources */,
				D1D2D3D4D5D6D7D8D9D0DDDB /* AppDelegate.swift in Sources */,
				D1D2D3D4D5D6D7D8D9D0DDDC /* ContentView.swift in Sources */,
				D1D2D3D4D5D6D7D8D9D0DDDE /* NotificationDelegate.swift in Sources */,
			);
			runOnlyForDeploymentPostprocessing = 0;
		};
/* End PBXSourcesBuildPhase section */

/* Begin XCBuildConfiguration section */
		F1F2F3F4F5F6F7F8F9F0FFFA /* Debug */ = {
			isa = XCBuildConfiguration;
			buildSettings = {
				ALWAYS_SEARCH_USER_PATHS = NO;
				ASSETCATALOG_COMPILER_GENERATE_SWIFT_ASSET_SYMBOL_EXTENSIONS = YES;
				CLANG_ANALYZER_NONNULL = YES;
				CLANG_ANALYZER_NUMBER_OBJECT_CONVERSION = YES_AGGRESSIVE;
				CLANG_CXX_LANGUAGE_STANDARD = "gnu++20";
				CLANG_ENABLE_MODULES = YES;
				CLANG_ENABLE_OBJC_ARC = YES;
				CLANG_ENABLE_OBJC_WEAK = YES;
				CLANG_WARN_BLOCK_CAPTURE_AUTORELEASING = YES;
				CLANG_WARN_BOOL_CONVERSION = YES;
				CLANG_WARN_COMMA = YES;
				CLANG_WARN_CONSTANT_CONVERSION = YES;
				CLANG_WARN_DEPRECATED_OBJC_IMPLEMENTATIONS = YES;
				CLANG_WARN_DIRECT_OBJC_ISA_USAGE = YES_ERROR;
				CLANG_WARN_DOCUMENTATION_COMMENTS = YES;
				CLANG_WARN_EMPTY_BODY = YES;
				CLANG_WARN_ENUM_CONVERSION = YES;
				CLANG_WARN_INFINITE_RECURSION = YES;
				CLANG_WARN_INT_CONVERSION = YES;
				CLANG_WARN_NON_LITERAL_NULL_CONVERSION = YES;
				CLANG_WARN_OBJC_IMPLICIT_RETAIN_SELF = YES;
				CLANG_WARN_OBJC_LITERAL_CONVERSION = YES;
				CLANG_WARN_OBJC_ROOT_CLASS = YES_ERROR;
				CLANG_WARN_QUOTED_INCLUDE_IN_FRAMEWORK_HEADER = YES;
				CLANG_WARN_RANGE_LOOP_ANALYSIS = YES;
				CLANG_WARN_STRICT_PROTOTYPES = YES;
				CLANG_WARN_SUSPICIOUS_MOVE = YES;
				CLANG_WARN_UNGUARDED_AVAILABILITY = YES_AGGRESSIVE;
				CLANG_WARN_UNREACHABLE_CODE = YES;
				CLANG_WARN__DUPLICATE_METHOD_MATCH = YES;
				COPY_PHASE_STRIP = NO;
				DEBUG_INFORMATION_FORMAT = dwarf;
				ENABLE_STRICT_OBJC_MSGSEND = YES;
				ENABLE_TESTABILITY = YES;
				ENABLE_USER_SCRIPT_SANDBOXING = NO;
				GCC_C_LANGUAGE_STANDARD = gnu17;
				GCC_DYNAMIC_NO_PIC = NO;
				GCC_NO_COMMON_BLOCKS = YES;
				GCC_OPTIMIZATION_LEVEL = 0;
				GCC_PREPROCESSOR_DEFINITIONS = (
					"DEBUG=1",
					"$(inherited)",
				);
				GCC_WARN_64_TO_32_BIT_CONVERSION = YES;
				GCC_WARN_ABOUT_RETURN_TYPE = YES_ERROR;
				GCC_WARN_UNDECLARED_SELECTOR = YES;
				GCC_WARN_UNINITIALIZED_AUTOS = YES_AGGRESSIVE;
				GCC_WARN_UNUSED_FUNCTION = YES;
				GCC_WARN_UNUSED_VARIABLE = YES;
				IPHONEOS_DEPLOYMENT_TARGET = 16.0;
				MTL_ENABLE_DEBUG_INFO = INCLUDE_SOURCE;
				MTL_FAST_MATH = YES;
				ONLY_ACTIVE_ARCH = YES;
				SDKROOT = iphoneos;
				SWIFT_ACTIVE_COMPILATION_CONDITIONS = DEBUG;
				SWIFT_OPTIMIZATION_LEVEL = "-Onone";
			};
			name = Debug;
		};
		F1F2F3F4F5F6F7F8F9F0FFFB /* Release */ = {
			isa = XCBuildConfiguration;
			buildSettings = {
				ALWAYS_SEARCH_USER_PATHS = NO;
				ASSETCATALOG_COMPILER_GENERATE_SWIFT_ASSET_SYMBOL_EXTENSIONS = YES;
				CLANG_ANALYZER_NONNULL = YES;
				CLANG_ANALYZER_NUMBER_OBJECT_CONVERSION = YES_AGGRESSIVE;
				CLANG_CXX_LANGUAGE_STANDARD = "gnu++20";
				CLANG_ENABLE_MODULES = YES;
				CLANG_ENABLE_OBJC_ARC = YES;
				CLANG_ENABLE_OBJC_WEAK = YES;
				CLANG_WARN_BLOCK_CAPTURE_AUTORELEASING = YES;
				CLANG_WARN_BOOL_CONVERSION = YES;
				CLANG_WARN_COMMA = YES;
				CLANG_WARN_CONSTANT_CONVERSION = YES;
				CLANG_WARN_DEPRECATED_OBJC_IMPLEMENTATIONS = YES;
				CLANG_WARN_DIRECT_OBJC_ISA_USAGE = YES_ERROR;
				CLANG_WARN_DOCUMENTATION_COMMENTS = YES;
				CLANG_WARN_EMPTY_BODY = YES;
				CLANG_WARN_ENUM_CONVERSION = YES;
				CLANG_WARN_INFINITE_RECURSION = YES;
				CLANG_WARN_INT_CONVERSION = YES;
				CLANG_WARN_NON_LITERAL_NULL_CONVERSION = YES;
				CLANG_WARN_OBJC_IMPLICIT_RETAIN_SELF = YES;
				CLANG_WARN_OBJC_LITERAL_CONVERSION = YES;
				CLANG_WARN_OBJC_ROOT_CLASS = YES_ERROR;
				CLANG_WARN_QUOTED_INCLUDE_IN_FRAMEWORK_HEADER = YES;
				CLANG_WARN_RANGE_LOOP_ANALYSIS = YES;
				CLANG_WARN_STRICT_PROTOTYPES = YES;
				CLANG_WARN_SUSPICIOUS_MOVE = YES;
				CLANG_WARN_UNGUARDED_AVAILABILITY = YES_AGGRESSIVE;
				CLANG_WARN_UNREACHABLE_CODE = YES;
				CLANG_WARN__DUPLICATE_METHOD_MATCH = YES;
				COPY_PHASE_STRIP = NO;
				DEBUG_INFORMATION_FORMAT = "dwarf-with-dsym";
				ENABLE_NS_ASSERTIONS = NO;
				ENABLE_STRICT_OBJC_MSGSEND = YES;
				ENABLE_USER_SCRIPT_SANDBOXING = NO;
				GCC_C_LANGUAGE_STANDARD = gnu17;
				GCC_NO_COMMON_BLOCKS = YES;
				GCC_WARN_64_TO_32_BIT_CONVERSION = YES;
				GCC_WARN_ABOUT_RETURN_TYPE = YES_ERROR;
				GCC_WARN_UNDECLARED_SELECTOR = YES;
				GCC_WARN_UNINITIALIZED_AUTOS = YES_AGGRESSIVE;
				GCC_WARN_UNUSED_FUNCTION = YES;
				GCC_WARN_UNUSED_VARIABLE = YES;
				IPHONEOS_DEPLOYMENT_TARGET = 16.0;
				MTL_FAST_MATH = YES;
				SDKROOT = iphoneos;
				SWIFT_COMPILATION_MODE = wholemodule;
				SWIFT_OPTIMIZATION_LEVEL = "-O";
			};
			name = Release;
		};
		F1F2F3F4F5F6F7F8F9F0FFFC /* Debug */ = {
			isa = XCBuildConfiguration;
			buildSettings = {
				ASSETCATALOG_COMPILER_APPICON_NAME = AppIcon;
				ASSETCATALOG_COMPILER_GLOBAL_ACCENT_COLOR_NAME = AccentColor;
				CODE_SIGN_IDENTITY = "Apple Development";
				CODE_SIGN_REQUIRED = NO;
				CODE_SIGN_STYLE = Manual;
				CURRENT_PROJECT_VERSION = 6;
				DEVELOPMENT_TEAM = "";
				FRAMEWORK_SEARCH_PATHS = (
					"$(inherited)",
					"$(SRCROOT)/../shared/build/xcode-frameworks/$(CONFIGURATION)/$(SDK_NAME)",
					"$(SDKROOT)/System/Library/SubFrameworks",
				);
				GENERATE_INFOPLIST_FILE = NO;
				INFOPLIST_FILE = iosApp/Info.plist;
				INFOPLIST_KEY_UIApplicationSceneManifest_Generation = NO;
				INFOPLIST_KEY_UIApplicationSupportsIndirectInputEvents = YES;
				INFOPLIST_KEY_UILaunchScreen_Generation = YES;
				INFOPLIST_KEY_UISupportedInterfaceOrientations_iPad = "UIInterfaceOrientationPortrait UIInterfaceOrientationPortraitUpsideDown UIInterfaceOrientationLandscapeLeft UIInterfaceOrientationLandscapeRight";
				INFOPLIST_KEY_UISupportedInterfaceOrientations_iPhone = "UIInterfaceOrientationPortrait UIInterfaceOrientationLandscapeLeft UIInterfaceOrientationLandscapeRight";
				IPHONEOS_DEPLOYMENT_TARGET = 16.0;
				LD_RUNPATH_SEARCH_PATHS = (
					"$(inherited)",
					"@executable_path/Frameworks",
				);
				"LIBRARY_SEARCH_PATHS[sdk=iphoneos*]" = (
					"$(inherited)",
					"$(SRCROOT)/../shared/src/nativeInterop/cinterop/lib",
				);
				"LIBRARY_SEARCH_PATHS[sdk=iphonesimulator*]" = (
					"$(inherited)",
					"$(SRCROOT)/../shared/src/nativeInterop/cinterop/lib-sim",
				);
				MARKETING_VERSION = 1.0;
				OTHER_LDFLAGS = (
					"$(inherited)",
					"-framework",
					JamiShared,
				);
				"OTHER_LDFLAGS[sdk=iphoneos*]" = (
					"$(inherited)",
					"-framework", JamiShared,
					"-lJamiBridge_ios",
					"-ljami",
					"-lssl", "-lcrypto", "-ltls",
					"-lgnutls", "-lnettle", "-lhogweed", "-lgmp",
					"-lopendht", "-ldhtnet",
					"-lhttp_parser", "-ljsoncpp", "-lllhttp", "-lfmt", "-lsimdutf",
					"-lpjsip", "-lpjsip-simple", "-lpjsip-ua", "-lpjsua", "-lpjsua2",
					"-lpjmedia", "-lpjmedia-audiodev", "-lpjmedia-codec", "-lpjmedia-videodev",
					"-lpjnath", "-lpjlib-util", "-lpj",
					"-lspeex", "-lspeexdsp", "-lopus", "-lvpx", "-lx264",
					"-lsrtp", "-lavcodec", "-lavdevice", "-lavfilter", "-lavformat",
					"-lavutil", "-lswresample", "-lswscale",
					"-lixml", "-lnatpmp", "-lupnp",
					"-lsecp256k1", "-lyaml-cpp", "-lyuv", "-largon2", "-lgit2",
					"-lsqlite3", "-liconv", "-lc++", "-lz", "-lresolv",
					"-framework", VideoToolbox,
					"-framework", AudioToolbox,
				);
				"OTHER_LDFLAGS[sdk=iphonesimulator*]" = (
					"$(inherited)",
					"-framework", JamiShared,
					"-lJamiBridge_iossim",
					"-ljami",
					"-lssl", "-lcrypto", "-ltls",
					"-lgnutls", "-lnettle", "-lhogweed", "-lgmp",
					"-lopendht", "-ldhtnet",
					"-lhttp_parser", "-ljsoncpp", "-lllhttp", "-lfmt", "-lsimdutf",
					"-lpjsip", "-lpjsip-simple", "-lpjsip-ua", "-lpjsua", "-lpjsua2",
					"-lpjmedia", "-lpjmedia-audiodev", "-lpjmedia-codec", "-lpjmedia-videodev",
					"-lpjnath", "-lpjlib-util", "-lpj",
					"-lspeex", "-lspeexdsp", "-lopus", "-lvpx", "-lx264",
					"-lsrtp", "-lavcodec", "-lavdevice", "-lavfilter", "-lavformat",
					"-lavutil", "-lswresample", "-lswscale",
					"-lixml", "-lnatpmp", "-lupnp",
					"-lsecp256k1", "-lyaml-cpp", "-lyuv", "-largon2", "-lgit2",
					"-lsqlite3", "-liconv", "-lc++", "-lz", "-lresolv",
					"-framework", VideoToolbox,
					"-framework", AudioToolbox,
				);
				PRODUCT_BUNDLE_IDENTIFIER = net.jami.iosapp;
				PRODUCT_NAME = "$(TARGET_NAME)";
				PROVISIONING_PROFILE_SPECIFIER = "";
				SWIFT_EMIT_LOC_STRINGS = YES;
				SWIFT_VERSION = 5.0;
				TARGETED_DEVICE_FAMILY = "1,2";
			};
			name = Debug;
		};
		F1F2F3F4F5F6F7F8F9F0FFFD /* Release */ = {
			isa = XCBuildConfiguration;
			buildSettings = {
				ASSETCATALOG_COMPILER_APPICON_NAME = AppIcon;
				ASSETCATALOG_COMPILER_GLOBAL_ACCENT_COLOR_NAME = AccentColor;
				CODE_SIGN_IDENTITY = "Apple Development";
				"CODE_SIGN_IDENTITY[sdk=iphoneos*]" = "iPhone Distribution";
				CODE_SIGN_STYLE = Manual;
				CURRENT_PROJECT_VERSION = 6;
				DEVELOPMENT_TEAM = "";
				"DEVELOPMENT_TEAM[sdk=iphoneos*]" = K4K982LMZ9;
				FRAMEWORK_SEARCH_PATHS = (
					"$(inherited)",
					"$(SRCROOT)/../shared/build/xcode-frameworks/$(CONFIGURATION)/$(SDK_NAME)",
					"$(SDKROOT)/System/Library/SubFrameworks",
				);
				GENERATE_INFOPLIST_FILE = NO;
				INFOPLIST_FILE = iosApp/Info.plist;
				INFOPLIST_KEY_UIApplicationSceneManifest_Generation = NO;
				INFOPLIST_KEY_UIApplicationSupportsIndirectInputEvents = YES;
				INFOPLIST_KEY_UILaunchScreen_Generation = YES;
				INFOPLIST_KEY_UISupportedInterfaceOrientations_iPad = "UIInterfaceOrientationPortrait UIInterfaceOrientationPortraitUpsideDown UIInterfaceOrientationLandscapeLeft UIInterfaceOrientationLandscapeRight";
				INFOPLIST_KEY_UISupportedInterfaceOrientations_iPhone = "UIInterfaceOrientationPortrait UIInterfaceOrientationLandscapeLeft UIInterfaceOrientationLandscapeRight";
				IPHONEOS_DEPLOYMENT_TARGET = 16.0;
				LD_RUNPATH_SEARCH_PATHS = (
					"$(inherited)",
					"@executable_path/Frameworks",
				);
				"LIBRARY_SEARCH_PATHS[sdk=iphoneos*]" = (
					"$(inherited)",
					"$(SRCROOT)/../shared/src/nativeInterop/cinterop/lib",
				);
				MARKETING_VERSION = 1.0;
				OTHER_LDFLAGS = (
					"$(inherited)",
					"-framework",
					JamiShared,
				);
				"OTHER_LDFLAGS[sdk=iphoneos*]" = (
					"$(inherited)",
					"-framework", JamiShared,
					"-lJamiBridge_ios",
					"-ljami",
					"-lssl", "-lcrypto", "-ltls",
					"-lgnutls", "-lnettle", "-lhogweed", "-lgmp",
					"-lopendht", "-ldhtnet",
					"-lhttp_parser", "-ljsoncpp", "-lllhttp", "-lfmt", "-lsimdutf",
					"-lpjsip", "-lpjsip-simple", "-lpjsip-ua", "-lpjsua", "-lpjsua2",
					"-lpjmedia", "-lpjmedia-audiodev", "-lpjmedia-codec", "-lpjmedia-videodev",
					"-lpjnath", "-lpjlib-util", "-lpj",
					"-lspeex", "-lspeexdsp", "-lopus", "-lvpx", "-lx264",
					"-lsrtp", "-lavcodec", "-lavdevice", "-lavfilter", "-lavformat",
					"-lavutil", "-lswresample", "-lswscale",
					"-lixml", "-lnatpmp", "-lupnp",
					"-lsecp256k1", "-lyaml-cpp", "-lyuv", "-largon2", "-lgit2",
					"-lsqlite3", "-liconv", "-lc++", "-lz", "-lresolv",
					"-framework", VideoToolbox,
					"-framework", AudioToolbox,
				);
				PRODUCT_BUNDLE_IDENTIFIER = net.jami.iosapp;
				PRODUCT_NAME = "$(TARGET_NAME)";
				PROVISIONING_PROFILE_SPECIFIER = "";
				"PROVISIONING_PROFILE_SPECIFIER[sdk=iphoneos*]" = "Jami-KMP-test";
				SWIFT_EMIT_LOC_STRINGS = YES;
				SWIFT_VERSION = 5.0;
				TARGETED_DEVICE_FAMILY = "1,2";
			};
			name = Release;
		};
/* End XCBuildConfiguration section */

/* Begin XCConfigurationList section */
		F1F2F3F4F5F6F7F8F9F0FFFE /* Build configuration list for PBXProject "iosApp" */ = {
			isa = XCConfigurationList;
			buildConfigurations = (
				F1F2F3F4F5F6F7F8F9F0FFFA /* Debug */,
				F1F2F3F4F5F6F7F8F9F0FFFB /* Release */,
			);
			defaultConfigurationIsVisible = 0;
			defaultConfigurationName = Release;
		};
		F1F2F3F4F5F6F7F8F9F0FFFF /* Build configuration list for PBXNativeTarget "iosApp" */ = {
			isa = XCConfigurationList;
			buildConfigurations = (
				F1F2F3F4F5F6F7F8F9F0FFFC /* Debug */,
				F1F2F3F4F5F6F7F8F9F0FFFD /* Release */,
			);
			defaultConfigurationIsVisible = 0;
			defaultConfigurationName = Release;
		};
/* End XCConfigurationList section */
	};
	rootObject = A1A2A3A4A5A6A7A8A9A0AAAC /* Project object */;
}
